
Microsoft Visual Studio Solution File, Format Version 12.00
# Visual Studio Version 16
VisualStudioVersion = 16.0.32126.315
MinimumVisualStudioVersion = 10.0.40219.1
Project("{FAE04EC0-301F-11D3-BF4B-00C04F79EFBC}") = "FileTask", "FileTask\FileTask.csproj", "{EBCE892F-7597-4BD9-83CF-F3F2EA808B40}"
EndProject
Global
	GlobalSection(SolutionConfigurationPlatforms) = preSolution
		Debug|Any CPU = Debug|Any CPU
		Release|Any CPU = Release|Any CPU
	EndGlobalSection
	GlobalSection(ProjectConfigurationPlatforms) = postSolution
		{EBCE892F-7597-4BD9-83CF-F3F2EA808B40}.Debug|Any CPU.ActiveCfg = Debug|Any CPU
		{EBCE892F-7597-4BD9-83CF-F3F2EA808B40}.Debug|Any CPU.Build.0 = Debug|Any CPU
		{EBCE892F-7597-4BD9-83CF-F3F2EA808B40}.Release|Any CPU.ActiveCfg = Release|Any CPU
		{EBCE892F-7597-4BD9-83CF-F3F2EA808B40}.Release|Any CPU.Build.0 = Release|Any CPU
	EndGlobalSection
	GlobalSection(SolutionProperties) = preSolution
		HideSolutionNode = FALSE
	EndGlobalSection
	GlobalSection(ExtensibilityGlobals) = postSolution
		SolutionGuid = {872B5CCA-952A-447D-BFFB-A1B4B01B1032}
	EndGlobalSection
EndGlobal
